{
  "name": "angular-app-rewired",
  "version": "1.0.0",
  "lockfileVersion": 1,
  "requires": true,
  "dependencies": {
    "module-find": {
      "version": "1.1.1",
      "resolved": "https://registry.npmjs.org/module-find/-/module-find-1.1.1.tgz",
      "integrity": "sha512-5BZafjvPoSgmWlbvqVzZGuxuqhoapoBwnDrsRq+tvBWXqB3uHjq1TPUV4BbHNW704Tt48Mu/Yg71F9D5K57ZoA=="
    }
  }
}
